
Microsoft Visual Studio Solution File, Format Version 12.00
# Visual Studio Version 17
VisualStudioVersion = 17.6.33815.320
MinimumVisualStudioVersion = 10.0.40219.1
Project("{9A19103F-16F7-4668-BE54-9A1E7A4F7556}") = "MovieTickets.Web", "MovieTickets\MovieTickets.Web\MovieTickets.Web.csproj", "{8816ABF9-0DC7-4BC8-B499-4B8E6A5F817B}"
EndProject
Project("{9A19103F-16F7-4668-BE54-9A1E7A4F7556}") = "MovieTickets.Domain", "MovieTickets\MovieTickets.Domain\MovieTickets.Domain.csproj", "{D9C65856-643B-44FF-8BA4-9DC8DD7E26FB}"
EndProject
Project("{9A19103F-16F7-4668-BE54-9A1E7A4F7556}") = "MovieTickets.Repository", "MovieTickets\MovieTickets.Repository\MovieTickets.Repository.csproj", "{0CA6E6DF-AFEF-40AD-BB3D-31BC50D49ADF}"
EndProject
Project("{FAE04EC0-301F-11D3-BF4B-00C04F79EFBC}") = "MovieTickets.Service", "MovieTickets\MovieTickets.Service\MovieTickets.Service.csproj", "{73B4E55D-2798-4A9B-85C0-E601EFE00F2F}"
EndProject
Global
	GlobalSection(SolutionConfigurationPlatforms) = preSolution
		Debug|Any CPU = Debug|Any CPU
		Release|Any CPU = Release|Any CPU
	EndGlobalSection
	GlobalSection(ProjectConfigurationPlatforms) = postSolution
		{8816ABF9-0DC7-4BC8-B499-4B8E6A5F817B}.Debug|Any CPU.ActiveCfg = Debug|Any CPU
		{8816ABF9-0DC7-4BC8-B499-4B8E6A5F817B}.Debug|Any CPU.Build.0 = Debug|Any CPU
		{8816ABF9-0DC7-4BC8-B499-4B8E6A5F817B}.Release|Any CPU.ActiveCfg = Release|Any CPU
		{8816ABF9-0DC7-4BC8-B499-4B8E6A5F817B}.Release|Any CPU.Build.0 = Release|Any CPU
		{D9C65856-643B-44FF-8BA4-9DC8DD7E26FB}.Debug|Any CPU.ActiveCfg = Debug|Any CPU
		{D9C65856-643B-44FF-8BA4-9DC8DD7E26FB}.Debug|Any CPU.Build.0 = Debug|Any CPU
		{D9C65856-643B-44FF-8BA4-9DC8DD7E26FB}.Release|Any CPU.ActiveCfg = Release|Any CPU
		{D9C65856-643B-44FF-8BA4-9DC8DD7E26FB}.Release|Any CPU.Build.0 = Release|Any CPU
		{0CA6E6DF-AFEF-40AD-BB3D-31BC50D49ADF}.Debug|Any CPU.ActiveCfg = Debug|Any CPU
		{0CA6E6DF-AFEF-40AD-BB3D-31BC50D49ADF}.Debug|Any CPU.Build.0 = Debug|Any CPU
		{0CA6E6DF-AFEF-40AD-BB3D-31BC50D49ADF}.Release|Any CPU.ActiveCfg = Release|Any CPU
		{0CA6E6DF-AFEF-40AD-BB3D-31BC50D49ADF}.Release|Any CPU.Build.0 = Release|Any CPU
		{73B4E55D-2798-4A9B-85C0-E601EFE00F2F}.Debug|Any CPU.ActiveCfg = Debug|Any CPU
		{73B4E55D-2798-4A9B-85C0-E601EFE00F2F}.Debug|Any CPU.Build.0 = Debug|Any CPU
		{73B4E55D-2798-4A9B-85C0-E601EFE00F2F}.Release|Any CPU.ActiveCfg = Release|Any CPU
		{73B4E55D-2798-4A9B-85C0-E601EFE00F2F}.Release|Any CPU.Build.0 = Release|Any CPU
	EndGlobalSection
	GlobalSection(SolutionProperties) = preSolution
		HideSolutionNode = FALSE
	EndGlobalSection
	GlobalSection(ExtensibilityGlobals) = postSolution
		SolutionGuid = {EDF0A6CF-9700-407A-8A0D-F38B496D480C}
	EndGlobalSection
EndGlobal
